
Microsoft Visual Studio Solution File, Format Version 12.00
# Visual Studio Version 16
VisualStudioVersion = 16.0.31702.278
MinimumVisualStudioVersion = 10.0.40219.1
Project("{FAE04EC0-301F-11D3-BF4B-00C04F79EFBC}") = "Lanchonete", "Lanchonete\Lanchonete.csproj", "{072F6975-DAF9-4048-9D10-33C7E9476899}"
EndProject
Global
	GlobalSection(SolutionConfigurationPlatforms) = preSolution
		Debug|Any CPU = Debug|Any CPU
		Release|Any CPU = Release|Any CPU
	EndGlobalSection
	GlobalSection(ProjectConfigurationPlatforms) = postSolution
		{072F6975-DAF9-4048-9D10-33C7E9476899}.Debug|Any CPU.ActiveCfg = Debug|Any CPU
		{072F6975-DAF9-4048-9D10-33C7E9476899}.Debug|Any CPU.Build.0 = Debug|Any CPU
		{072F6975-DAF9-4048-9D10-33C7E9476899}.Release|Any CPU.ActiveCfg = Release|Any CPU
		{072F6975-DAF9-4048-9D10-33C7E9476899}.Release|Any CPU.Build.0 = Release|Any CPU
	EndGlobalSection
	GlobalSection(SolutionProperties) = preSolution
		HideSolutionNode = FALSE
	EndGlobalSection
	GlobalSection(ExtensibilityGlobals) = postSolution
		SolutionGuid = {E3AF8C52-6401-4CF2-9C39-A7E474F6575D}
	EndGlobalSection
EndGlobal
